
Microsoft Visual Studio Solution File, Format Version 12.00
Project("{2150E333-8FDC-42A3-9474-1A3956D46DE8}") = "src", "src", "{C71177F9-4504-4C22-A227-91122F883C78}"
EndProject
Project("{2150E333-8FDC-42A3-9474-1A3956D46DE8}") = "DriverService", "DriverService", "{B41E0695-90B2-4B7F-8B18-C33D9EC8CAAD}"
EndProject
Project("{FAE04EC0-301F-11D3-BF4B-00C04F79EFBC}") = "DriverService.Application", "DriverService.Application\DriverService.Application.csproj", "{94CAF592-0028-462E-AC1C-ACC65542D810}"
EndProject
Project("{FAE04EC0-301F-11D3-BF4B-00C04F79EFBC}") = "DriverService.Domain", "DriverService.Domain\DriverService.Domain.csproj", "{50E8A29E-6186-4E80-9384-9C86CB176FA3}"
EndProject
Project("{FAE04EC0-301F-11D3-BF4B-00C04F79EFBC}") = "DriverService.Infrastructure", "DriverService.Infrastructure\DriverService.Infrastructure.csproj", "{BB0EF81C-DB5F-4858-8AE7-F525F6C71338}"
EndProject
Project("{2150E333-8FDC-42A3-9474-1A3956D46DE8}") = "ClientService", "ClientService", "{D6FE0826-9665-4456-A14B-E2FBD2ED7403}"
EndProject
Project("{FAE04EC0-301F-11D3-BF4B-00C04F79EFBC}") = "ClientService.Application", "ClientService.Application\ClientService.Application.csproj", "{A192BEE1-5783-4999-B31F-003045E885B4}"
EndProject
Project("{FAE04EC0-301F-11D3-BF4B-00C04F79EFBC}") = "DriverService.Api", "DriverService.Api\DriverService.Api.csproj", "{5A399783-8BE7-43BB-89A4-DE11C3323979}"
EndProject
Project("{2150E333-8FDC-42A3-9474-1A3956D46DE8}") = "SharedKernel", "SharedKernel", "{7B78E472-AB82-4804-BDBF-48158B2F1810}"
EndProject
Project("{2150E333-8FDC-42A3-9474-1A3956D46DE8}") = "ApiGateway", "ApiGateway", "{85C25EA0-3A8E-4FA4-BAE2-F4DD80B711A6}"
EndProject
Project("{2150E333-8FDC-42A3-9474-1A3956D46DE8}") = "DriverWebClient", "DriverWebClient", "{5A80ACDD-C85E-44ED-AD4C-ED765A2ECEB4}"
EndProject
Project("{2150E333-8FDC-42A3-9474-1A3956D46DE8}") = "ClientWebClient", "ClientWebClient", "{5DACD0C0-1A3B-48C2-BD6D-D7A997282985}"
EndProject
Project("{2150E333-8FDC-42A3-9474-1A3956D46DE8}") = "ClientMobileClient", "ClientMobileClient", "{05D3E6E5-E5B8-4F10-8E8A-194EA57FC3C7}"
EndProject
Project("{2150E333-8FDC-42A3-9474-1A3956D46DE8}") = "DriverMobileClient", "DriverMobileClient", "{672FB390-BF40-4E8A-BA21-9BFC5B25BBEF}"
EndProject
Global
	GlobalSection(SolutionConfigurationPlatforms) = preSolution
		Debug|Any CPU = Debug|Any CPU
		Release|Any CPU = Release|Any CPU
	EndGlobalSection
	GlobalSection(ProjectConfigurationPlatforms) = postSolution
		{94CAF592-0028-462E-AC1C-ACC65542D810}.Debug|Any CPU.ActiveCfg = Debug|Any CPU
		{94CAF592-0028-462E-AC1C-ACC65542D810}.Debug|Any CPU.Build.0 = Debug|Any CPU
		{94CAF592-0028-462E-AC1C-ACC65542D810}.Release|Any CPU.ActiveCfg = Release|Any CPU
		{94CAF592-0028-462E-AC1C-ACC65542D810}.Release|Any CPU.Build.0 = Release|Any CPU
		{50E8A29E-6186-4E80-9384-9C86CB176FA3}.Debug|Any CPU.ActiveCfg = Debug|Any CPU
		{50E8A29E-6186-4E80-9384-9C86CB176FA3}.Debug|Any CPU.Build.0 = Debug|Any CPU
		{50E8A29E-6186-4E80-9384-9C86CB176FA3}.Release|Any CPU.ActiveCfg = Release|Any CPU
		{50E8A29E-6186-4E80-9384-9C86CB176FA3}.Release|Any CPU.Build.0 = Release|Any CPU
		{BB0EF81C-DB5F-4858-8AE7-F525F6C71338}.Debug|Any CPU.ActiveCfg = Debug|Any CPU
		{BB0EF81C-DB5F-4858-8AE7-F525F6C71338}.Debug|Any CPU.Build.0 = Debug|Any CPU
		{BB0EF81C-DB5F-4858-8AE7-F525F6C71338}.Release|Any CPU.ActiveCfg = Release|Any CPU
		{BB0EF81C-DB5F-4858-8AE7-F525F6C71338}.Release|Any CPU.Build.0 = Release|Any CPU
		{A192BEE1-5783-4999-B31F-003045E885B4}.Debug|Any CPU.ActiveCfg = Debug|Any CPU
		{A192BEE1-5783-4999-B31F-003045E885B4}.Debug|Any CPU.Build.0 = Debug|Any CPU
		{A192BEE1-5783-4999-B31F-003045E885B4}.Release|Any CPU.ActiveCfg = Release|Any CPU
		{A192BEE1-5783-4999-B31F-003045E885B4}.Release|Any CPU.Build.0 = Release|Any CPU
		{5A399783-8BE7-43BB-89A4-DE11C3323979}.Debug|Any CPU.ActiveCfg = Debug|Any CPU
		{5A399783-8BE7-43BB-89A4-DE11C3323979}.Debug|Any CPU.Build.0 = Debug|Any CPU
		{5A399783-8BE7-43BB-89A4-DE11C3323979}.Release|Any CPU.ActiveCfg = Release|Any CPU
		{5A399783-8BE7-43BB-89A4-DE11C3323979}.Release|Any CPU.Build.0 = Release|Any CPU
	EndGlobalSection
	GlobalSection(NestedProjects) = preSolution
		{B41E0695-90B2-4B7F-8B18-C33D9EC8CAAD} = {C71177F9-4504-4C22-A227-91122F883C78}
		{94CAF592-0028-462E-AC1C-ACC65542D810} = {B41E0695-90B2-4B7F-8B18-C33D9EC8CAAD}
		{50E8A29E-6186-4E80-9384-9C86CB176FA3} = {B41E0695-90B2-4B7F-8B18-C33D9EC8CAAD}
		{BB0EF81C-DB5F-4858-8AE7-F525F6C71338} = {B41E0695-90B2-4B7F-8B18-C33D9EC8CAAD}
		{D6FE0826-9665-4456-A14B-E2FBD2ED7403} = {C71177F9-4504-4C22-A227-91122F883C78}
		{A192BEE1-5783-4999-B31F-003045E885B4} = {D6FE0826-9665-4456-A14B-E2FBD2ED7403}
		{5A399783-8BE7-43BB-89A4-DE11C3323979} = {B41E0695-90B2-4B7F-8B18-C33D9EC8CAAD}
		{7B78E472-AB82-4804-BDBF-48158B2F1810} = {C71177F9-4504-4C22-A227-91122F883C78}
		{85C25EA0-3A8E-4FA4-BAE2-F4DD80B711A6} = {C71177F9-4504-4C22-A227-91122F883C78}
		{5A80ACDD-C85E-44ED-AD4C-ED765A2ECEB4} = {C71177F9-4504-4C22-A227-91122F883C78}
		{5DACD0C0-1A3B-48C2-BD6D-D7A997282985} = {C71177F9-4504-4C22-A227-91122F883C78}
		{05D3E6E5-E5B8-4F10-8E8A-194EA57FC3C7} = {C71177F9-4504-4C22-A227-91122F883C78}
		{672FB390-BF40-4E8A-BA21-9BFC5B25BBEF} = {C71177F9-4504-4C22-A227-91122F883C78}
	EndGlobalSection
EndGlobal
